
Microsoft Visual Studio Solution File, Format Version 12.00
# Visual Studio Version 17
VisualStudioVersion = 17.4.33213.308
MinimumVisualStudioVersion = 10.0.40219.1
Project("{FAE04EC0-301F-11D3-BF4B-00C04F79EFBC}") = "connect 4", "connect 4\connect 4.csproj", "{B631C036-285F-45D2-A96E-A294EB099C1C}"
EndProject
Global
	GlobalSection(SolutionConfigurationPlatforms) = preSolution
		Debug|Any CPU = Debug|Any CPU
		Release|Any CPU = Release|Any CPU
	EndGlobalSection
	GlobalSection(ProjectConfigurationPlatforms) = postSolution
		{B631C036-285F-45D2-A96E-A294EB099C1C}.Debug|Any CPU.ActiveCfg = Debug|Any CPU
		{B631C036-285F-45D2-A96E-A294EB099C1C}.Debug|Any CPU.Build.0 = Debug|Any CPU
		{B631C036-285F-45D2-A96E-A294EB099C1C}.Release|Any CPU.ActiveCfg = Release|Any CPU
		{B631C036-285F-45D2-A96E-A294EB099C1C}.Release|Any CPU.Build.0 = Release|Any CPU
	EndGlobalSection
	GlobalSection(SolutionProperties) = preSolution
		HideSolutionNode = FALSE
	EndGlobalSection
	GlobalSection(ExtensibilityGlobals) = postSolution
		SolutionGuid = {A234E197-0FD7-4E13-84DC-1FB811B023BF}
	EndGlobalSection
EndGlobal
